// !$*UTF8*$!
{
	archiveVersion = 1;
	classes = {
	};
	objectVersion = 56;
	objects = {

/* Begin PBXBuildFile section */
		FAF2C1A82C7CAC7C00C51E30 /* AppDelegate.swift in Sources */ = {isa = PBXBuildFile; fileRef = FAF2C1A72C7CAC7C00C51E30 /* AppDelegate.swift */; };
		FAF2C1AA2C7CAC7C00C51E30 /* SceneDelegate.swift in Sources */ = {isa = PBXBuildFile; fileRef = FAF2C1A92C7CAC7C00C51E30 /* SceneDelegate.swift */; };
		FAF2C1B12C7CAC7E00C51E30 /* Assets.xcassets in Resources */ = {isa = PBXBuildFile; fileRef = FAF2C1B02C7CAC7E00C51E30 /* Assets.xcassets */; };
		FAF2C1BF2C7CAC7E00C51E30 /* RickAndMotryApiTests.swift in Sources */ = {isa = PBXBuildFile; fileRef = FAF2C1BE2C7CAC7E00C51E30 /* RickAndMotryApiTests.swift */; };
		FAF2C1C92C7CAC7E00C51E30 /* RickAndMotryApiUITests.swift in Sources */ = {isa = PBXBuildFile; fileRef = FAF2C1C82C7CAC7E00C51E30 /* RickAndMotryApiUITests.swift */; };
		FAF2C1CB2C7CAC7E00C51E30 /* RickAndMotryApiUITestsLaunchTests.swift in Sources */ = {isa = PBXBuildFile; fileRef = FAF2C1CA2C7CAC7E00C51E30 /* RickAndMotryApiUITestsLaunchTests.swift */; };
		FAF2C1DB2C7CB15200C51E30 /* NetworkService.swift in Sources */ = {isa = PBXBuildFile; fileRef = FAF2C1DA2C7CB15200C51E30 /* NetworkService.swift */; };
		FAF2C1DF2C7CB24E00C51E30 /* Character.swift in Sources */ = {isa = PBXBuildFile; fileRef = FAF2C1DE2C7CB24E00C51E30 /* Character.swift */; };
		FAF2C1E52C7CB32B00C51E30 /* CharacterViewModel.swift in Sources */ = {isa = PBXBuildFile; fileRef = FAF2C1E42C7CB32B00C51E30 /* CharacterViewModel.swift */; };
		FAF2C1E72C7CB70300C51E30 /* CharacterViewController.swift in Sources */ = {isa = PBXBuildFile; fileRef = FAF2C1E62C7CB70300C51E30 /* CharacterViewController.swift */; };
		FAF2C1EA2C7CB75D00C51E30 /* CharacterTableViewCell.swift in Sources */ = {isa = PBXBuildFile; fileRef = FAF2C1E92C7CB75D00C51E30 /* CharacterTableViewCell.swift */; };
		FAF2C1EE2C7CB95B00C51E30 /* CharacterDetailView.swift in Sources */ = {isa = PBXBuildFile; fileRef = FAF2C1ED2C7CB95B00C51E30 /* CharacterDetailView.swift */; };
		FAF2C1F52C7CC2F300C51E30 /* Kingfisher in Frameworks */ = {isa = PBXBuildFile; productRef = FAF2C1F42C7CC2F300C51E30 /* Kingfisher */; };
		FAF2C1F82C7CE27E00C51E30 /* LoadingView.swift in Sources */ = {isa = PBXBuildFile; fileRef = FAF2C1F72C7CE27E00C51E30 /* LoadingView.swift */; };
		FAF2C1FB2C7CE2BF00C51E30 /* UIViewController+Ext.swift in Sources */ = {isa = PBXBuildFile; fileRef = FAF2C1FA2C7CE2BF00C51E30 /* UIViewController+Ext.swift */; };
		FAF2C1FE2C7CFA8700C51E30 /* NetworkManager.swift in Sources */ = {isa = PBXBuildFile; fileRef = FAF2C1FD2C7CFA8700C51E30 /* NetworkManager.swift */; };
		FAF2C2012C7CFE2300C51E30 /* Constants.swift in Sources */ = {isa = PBXBuildFile; fileRef = FAF2C2002C7CFE2300C51E30 /* Constants.swift */; };
		FAF2C2042C7D007800C51E30 /* CustomPopup.swift in Sources */ = {isa = PBXBuildFile; fileRef = FAF2C2032C7D007800C51E30 /* CustomPopup.swift */; };
		FAF2C2062C7D014D00C51E30 /* Presenter.swift in Sources */ = {isa = PBXBuildFile; fileRef = FAF2C2052C7D014D00C51E30 /* Presenter.swift */; };
		FAF2C2092C7D03B100C51E30 /* Utilities.swift in Sources */ = {isa = PBXBuildFile; fileRef = FAF2C2082C7D03B100C51E30 /* Utilities.swift */; };
/* End PBXBuildFile section */

/* Begin PBXContainerItemProxy section */
		FAF2C1BB2C7CAC7E00C51E30 /* PBXContainerItemProxy */ = {
			isa = PBXContainerItemProxy;
			containerPortal = FAF2C19C2C7CAC7C00C51E30 /* Project object */;
			proxyType = 1;
			remoteGlobalIDString = FAF2C1A32C7CAC7C00C51E30;
			remoteInfo = RickAndMotryApi;
		};
		FAF2C1C52C7CAC7E00C51E30 /* PBXContainerItemProxy */ = {
			isa = PBXContainerItemProxy;
			containerPortal = FAF2C19C2C7CAC7C00C51E30 /* Project object */;
			proxyType = 1;
			remoteGlobalIDString = FAF2C1A32C7CAC7C00C51E30;
			remoteInfo = RickAndMotryApi;
		};
/* End PBXContainerItemProxy section */

/* Begin PBXFileReference section */
		FAF2C1A42C7CAC7C00C51E30 /* RickAndMotryApi.app */ = {isa = PBXFileReference; explicitFileType = wrapper.application; includeInIndex = 0; path = RickAndMotryApi.app; sourceTree = BUILT_PRODUCTS_DIR; };
		FAF2C1A72C7CAC7C00C51E30 /* AppDelegate.swift */ = {isa = PBXFileReference; lastKnownFileType = sourcecode.swift; path = AppDelegate.swift; sourceTree = "<group>"; };
		FAF2C1A92C7CAC7C00C51E30 /* SceneDelegate.swift */ = {isa = PBXFileReference; lastKnownFileType = sourcecode.swift; path = SceneDelegate.swift; sourceTree = "<group>"; };
		FAF2C1B02C7CAC7E00C51E30 /* Assets.xcassets */ = {isa = PBXFileReference; lastKnownFileType = folder.assetcatalog; path = Assets.xcassets; sourceTree = "<group>"; };
		FAF2C1B32C7CAC7E00C51E30 /* Base */ = {isa = PBXFileReference; lastKnownFileType = file.storyboard; name = Base; path = Base.lproj/LaunchScreen.storyboard; sourceTree = "<group>"; };
		FAF2C1B52C7CAC7E00C51E30 /* Info.plist */ = {isa = PBXFileReference; lastKnownFileType = text.plist.xml; path = Info.plist; sourceTree = "<group>"; };
		FAF2C1BA2C7CAC7E00C51E30 /* RickAndMotryApiTests.xctest */ = {isa = PBXFileReference; explicitFileType = wrapper.cfbundle; includeInIndex = 0; path = RickAndMotryApiTests.xctest; sourceTree = BUILT_PRODUCTS_DIR; };
		FAF2C1BE2C7CAC7E00C51E30 /* RickAndMotryApiTests.swift */ = {isa = PBXFileReference; lastKnownFileType = sourcecode.swift; path = RickAndMotryApiTests.swift; sourceTree = "<group>"; };
		FAF2C1C42C7CAC7E00C51E30 /* RickAndMotryApiUITests.xctest */ = {isa = PBXFileReference; explicitFileType = wrapper.cfbundle; includeInIndex = 0; path = RickAndMotryApiUITests.xctest; sourceTree = BUILT_PRODUCTS_DIR; };
		FAF2C1C82C7CAC7E00C51E30 /* RickAndMotryApiUITests.swift */ = {isa = PBXFileReference; lastKnownFileType = sourcecode.swift; path = RickAndMotryApiUITests.swift; sourceTree = "<group>"; };
		FAF2C1CA2C7CAC7E00C51E30 /* RickAndMotryApiUITestsLaunchTests.swift */ = {isa = PBXFileReference; lastKnownFileType = sourcecode.swift; path = RickAndMotryApiUITestsLaunchTests.swift; sourceTree = "<group>"; };
		FAF2C1DA2C7CB15200C51E30 /* NetworkService.swift */ = {isa = PBXFileReference; lastKnownFileType = sourcecode.swift; path = NetworkService.swift; sourceTree = "<group>"; };
		FAF2C1DE2C7CB24E00C51E30 /* Character.swift */ = {isa = PBXFileReference; lastKnownFileType = sourcecode.swift; path = Character.swift; sourceTree = "<group>"; };
		FAF2C1E42C7CB32B00C51E30 /* CharacterViewModel.swift */ = {isa = PBXFileReference; lastKnownFileType = sourcecode.swift; path = CharacterViewModel.swift; sourceTree = "<group>"; };
		FAF2C1E62C7CB70300C51E30 /* CharacterViewController.swift */ = {isa = PBXFileReference; lastKnownFileType = sourcecode.swift; path = CharacterViewController.swift; sourceTree = "<group>"; };
		FAF2C1E92C7CB75D00C51E30 /* CharacterTableViewCell.swift */ = {isa = PBXFileReference; lastKnownFileType = sourcecode.swift; path = CharacterTableViewCell.swift; sourceTree = "<group>"; };
		FAF2C1ED2C7CB95B00C51E30 /* CharacterDetailView.swift */ = {isa = PBXFileReference; lastKnownFileType = sourcecode.swift; path = CharacterDetailView.swift; sourceTree = "<group>"; };
		FAF2C1EF2C7CC07400C51E30 /* Kingfisher.framework */ = {isa = PBXFileReference; explicitFileType = wrapper.framework; path = Kingfisher.framework; sourceTree = BUILT_PRODUCTS_DIR; };
		FAF2C1F72C7CE27E00C51E30 /* LoadingView.swift */ = {isa = PBXFileReference; lastKnownFileType = sourcecode.swift; path = LoadingView.swift; sourceTree = "<group>"; };
		FAF2C1FA2C7CE2BF00C51E30 /* UIViewController+Ext.swift */ = {isa = PBXFileReference; lastKnownFileType = sourcecode.swift; path = "UIViewController+Ext.swift"; sourceTree = "<group>"; };
		FAF2C1FD2C7CFA8700C51E30 /* NetworkManager.swift */ = {isa = PBXFileReference; lastKnownFileType = sourcecode.swift; path = NetworkManager.swift; sourceTree = "<group>"; };
		FAF2C2002C7CFE2300C51E30 /* Constants.swift */ = {isa = PBXFileReference; lastKnownFileType = sourcecode.swift; path = Constants.swift; sourceTree = "<group>"; };
		FAF2C2032C7D007800C51E30 /* CustomPopup.swift */ = {isa = PBXFileReference; lastKnownFileType = sourcecode.swift; path = CustomPopup.swift; sourceTree = "<group>"; };
		FAF2C2052C7D014D00C51E30 /* Presenter.swift */ = {isa = PBXFileReference; lastKnownFileType = sourcecode.swift; path = Presenter.swift; sourceTree = "<group>"; };
		FAF2C2082C7D03B100C51E30 /* Utilities.swift */ = {isa = PBXFileReference; lastKnownFileType = sourcecode.swift; path = Utilities.swift; sourceTree = "<group>"; };
/* End PBXFileReference section */

/* Begin PBXFrameworksBuildPhase section */
		FAF2C1A12C7CAC7C00C51E30 /* Frameworks */ = {
			isa = PBXFrameworksBuildPhase;
			buildActionMask = 2147483647;
			files = (
				FAF2C1F52C7CC2F300C51E30 /* Kingfisher in Frameworks */,
			);
			runOnlyForDeploymentPostprocessing = 0;
		};
		FAF2C1B72C7CAC7E00C51E30 /* Frameworks */ = {
			isa = PBXFrameworksBuildPhase;
			buildActionMask = 2147483647;
			files = (
			);
			runOnlyForDeploymentPostprocessing = 0;
		};
		FAF2C1C12C7CAC7E00C51E30 /* Frameworks */ = {
			isa = PBXFrameworksBuildPhase;
			buildActionMask = 2147483647;
			files = (
			);
			runOnlyForDeploymentPostprocessing = 0;
		};
/* End PBXFrameworksBuildPhase section */

/* Begin PBXGroup section */
		98271D87080DEF934C40EFD2 /* Frameworks */ = {
			isa = PBXGroup;
			children = (
				FAF2C1EF2C7CC07400C51E30 /* Kingfisher.framework */,
			);
			name = Frameworks;
			sourceTree = "<group>";
		};
		A410C7B5016EA95A071F42E9 /* Pods */ = {
			isa = PBXGroup;
			children = (
			);
			path = Pods;
			sourceTree = "<group>";
		};
		FAF2C19B2C7CAC7C00C51E30 = {
			isa = PBXGroup;
			children = (
				FAF2C1A62C7CAC7C00C51E30 /* RickAndMotryApi */,
				FAF2C1BD2C7CAC7E00C51E30 /* RickAndMotryApiTests */,
				FAF2C1C72C7CAC7E00C51E30 /* RickAndMotryApiUITests */,
				FAF2C1A52C7CAC7C00C51E30 /* Products */,
				A410C7B5016EA95A071F42E9 /* Pods */,
				98271D87080DEF934C40EFD2 /* Frameworks */,
			);
			sourceTree = "<group>";
		};
		FAF2C1A52C7CAC7C00C51E30 /* Products */ = {
			isa = PBXGroup;
			children = (
				FAF2C1A42C7CAC7C00C51E30 /* RickAndMotryApi.app */,
				FAF2C1BA2C7CAC7E00C51E30 /* RickAndMotryApiTests.xctest */,
				FAF2C1C42C7CAC7E00C51E30 /* RickAndMotryApiUITests.xctest */,
			);
			name = Products;
			sourceTree = "<group>";
		};
		FAF2C1A62C7CAC7C00C51E30 /* RickAndMotryApi */ = {
			isa = PBXGroup;
			children = (
				FAF2C1E02C7CB2A300C51E30 /* App */,
				FAF2C1DC2C7CB1E600C51E30 /* Domain */,
				FAF2C1A72C7CAC7C00C51E30 /* AppDelegate.swift */,
				FAF2C1A92C7CAC7C00C51E30 /* SceneDelegate.swift */,
				FAF2C1B02C7CAC7E00C51E30 /* Assets.xcassets */,
				FAF2C1B22C7CAC7E00C51E30 /* LaunchScreen.storyboard */,
				FAF2C1B52C7CAC7E00C51E30 /* Info.plist */,
			);
			path = RickAndMotryApi;
			sourceTree = "<group>";
		};
		FAF2C1BD2C7CAC7E00C51E30 /* RickAndMotryApiTests */ = {
			isa = PBXGroup;
			children = (
				FAF2C1BE2C7CAC7E00C51E30 /* RickAndMotryApiTests.swift */,
			);
			path = RickAndMotryApiTests;
			sourceTree = "<group>";
		};
		FAF2C1C72C7CAC7E00C51E30 /* RickAndMotryApiUITests */ = {
			isa = PBXGroup;
			children = (
				FAF2C1C82C7CAC7E00C51E30 /* RickAndMotryApiUITests.swift */,
				FAF2C1CA2C7CAC7E00C51E30 /* RickAndMotryApiUITestsLaunchTests.swift */,
			);
			path = RickAndMotryApiUITests;
			sourceTree = "<group>";
		};
		FAF2C1D92C7CB13F00C51E30 /* Network */ = {
			isa = PBXGroup;
			children = (
				FAF2C1DA2C7CB15200C51E30 /* NetworkService.swift */,
			);
			path = Network;
			sourceTree = "<group>";
		};
		FAF2C1DC2C7CB1E600C51E30 /* Domain */ = {
			isa = PBXGroup;
			children = (
				FAF2C1DD2C7CB23F00C51E30 /* Models */,
				FAF2C1D92C7CB13F00C51E30 /* Network */,
			);
			path = Domain;
			sourceTree = "<group>";
		};
		FAF2C1DD2C7CB23F00C51E30 /* Models */ = {
			isa = PBXGroup;
			children = (
				FAF2C1DE2C7CB24E00C51E30 /* Character.swift */,
			);
			path = Models;
			sourceTree = "<group>";
		};
		FAF2C1E02C7CB2A300C51E30 /* App */ = {
			isa = PBXGroup;
			children = (
				FAF2C1F62C7CE26A00C51E30 /* Utilities */,
				FAF2C1E12C7CB2EC00C51E30 /* Views */,
			);
			path = App;
			sourceTree = "<group>";
		};
		FAF2C1E12C7CB2EC00C51E30 /* Views */ = {
			isa = PBXGroup;
			children = (
				FAF2C1EC2C7CB94000C51E30 /* CharacterDetail */,
				FAF2C1E22C7CB30600C51E30 /* Character */,
			);
			path = Views;
			sourceTree = "<group>";
		};
		FAF2C1E22C7CB30600C51E30 /* Character */ = {
			isa = PBXGroup;
			children = (
				FAF2C1E82C7CB74C00C51E30 /* Views */,
				FAF2C1E42C7CB32B00C51E30 /* CharacterViewModel.swift */,
				FAF2C1E62C7CB70300C51E30 /* CharacterViewController.swift */,
			);
			path = Character;
			sourceTree = "<group>";
		};
		FAF2C1E82C7CB74C00C51E30 /* Views */ = {
			isa = PBXGroup;
			children = (
				FAF2C1E92C7CB75D00C51E30 /* CharacterTableViewCell.swift */,
			);
			path = Views;
			sourceTree = "<group>";
		};
		FAF2C1EC2C7CB94000C51E30 /* CharacterDetail */ = {
			isa = PBXGroup;
			children = (
				FAF2C1ED2C7CB95B00C51E30 /* CharacterDetailView.swift */,
			);
			path = CharacterDetail;
			sourceTree = "<group>";
		};
		FAF2C1F62C7CE26A00C51E30 /* Utilities */ = {
			isa = PBXGroup;
			children = (
				FAF2C2072C7D03A200C51E30 /* Utils */,
				FAF2C2022C7D003700C51E30 /* CustomPopup */,
				FAF2C1FF2C7CFE1600C51E30 /* Constants */,
				FAF2C1FC2C7CFA7300C51E30 /* Connectivity */,
				FAF2C1F92C7CE2AC00C51E30 /* Extensions */,
				FAF2C1F72C7CE27E00C51E30 /* LoadingView.swift */,
			);
			path = Utilities;
			sourceTree = "<group>";
		};
		FAF2C1F92C7CE2AC00C51E30 /* Extensions */ = {
			isa = PBXGroup;
			children = (
				FAF2C1FA2C7CE2BF00C51E30 /* UIViewController+Ext.swift */,
			);
			path = Extensions;
			sourceTree = "<group>";
		};
		FAF2C1FC2C7CFA7300C51E30 /* Connectivity */ = {
			isa = PBXGroup;
			children = (
				FAF2C1FD2C7CFA8700C51E30 /* NetworkManager.swift */,
			);
			path = Connectivity;
			sourceTree = "<group>";
		};
		FAF2C1FF2C7CFE1600C51E30 /* Constants */ = {
			isa = PBXGroup;
			children = (
				FAF2C2002C7CFE2300C51E30 /* Constants.swift */,
			);
			path = Constants;
			sourceTree = "<group>";
		};
		FAF2C2022C7D003700C51E30 /* CustomPopup */ = {
			isa = PBXGroup;
			children = (
				FAF2C2032C7D007800C51E30 /* CustomPopup.swift */,
				FAF2C2052C7D014D00C51E30 /* Presenter.swift */,
			);
			path = CustomPopup;
			sourceTree = "<group>";
		};
		FAF2C2072C7D03A200C51E30 /* Utils */ = {
			isa = PBXGroup;
			children = (
				FAF2C2082C7D03B100C51E30 /* Utilities.swift */,
			);
			path = Utils;
			sourceTree = "<group>";
		};
/* End PBXGroup section */

/* Begin PBXNativeTarget section */
		FAF2C1A32C7CAC7C00C51E30 /* RickAndMotryApi */ = {
			isa = PBXNativeTarget;
			buildConfigurationList = FAF2C1CE2C7CAC7E00C51E30 /* Build configuration list for PBXNativeTarget "RickAndMotryApi" */;
			buildPhases = (
				FAF2C1A02C7CAC7C00C51E30 /* Sources */,
				FAF2C1A12C7CAC7C00C51E30 /* Frameworks */,
				FAF2C1A22C7CAC7C00C51E30 /* Resources */,
			);
			buildRules = (
			);
			dependencies = (
			);
			name = RickAndMotryApi;
			packageProductDependencies = (
				FAF2C1F42C7CC2F300C51E30 /* Kingfisher */,
			);
			productName = RickAndMotryApi;
			productReference = FAF2C1A42C7CAC7C00C51E30 /* RickAndMotryApi.app */;
			productType = "com.apple.product-type.application";
		};
		FAF2C1B92C7CAC7E00C51E30 /* RickAndMotryApiTests */ = {
			isa = PBXNativeTarget;
			buildConfigurationList = FAF2C1D12C7CAC7E00C51E30 /* Build configuration list for PBXNativeTarget "RickAndMotryApiTests" */;
			buildPhases = (
				FAF2C1B62C7CAC7E00C51E30 /* Sources */,
				FAF2C1B72C7CAC7E00C51E30 /* Frameworks */,
				FAF2C1B82C7CAC7E00C51E30 /* Resources */,
			);
			buildRules = (
			);
			dependencies = (
				FAF2C1BC2C7CAC7E00C51E30 /* PBXTargetDependency */,
			);
			name = RickAndMotryApiTests;
			productName = RickAndMotryApiTests;
			productReference = FAF2C1BA2C7CAC7E00C51E30 /* RickAndMotryApiTests.xctest */;
			productType = "com.apple.product-type.bundle.unit-test";
		};
		FAF2C1C32C7CAC7E00C51E30 /* RickAndMotryApiUITests */ = {
			isa = PBXNativeTarget;
			buildConfigurationList = FAF2C1D42C7CAC7E00C51E30 /* Build configuration list for PBXNativeTarget "RickAndMotryApiUITests" */;
			buildPhases = (
				FAF2C1C02C7CAC7E00C51E30 /* Sources */,
				FAF2C1C12C7CAC7E00C51E30 /* Frameworks */,
				FAF2C1C22C7CAC7E00C51E30 /* Resources */,
			);
			buildRules = (
			);
			dependencies = (
				FAF2C1C62C7CAC7E00C51E30 /* PBXTargetDependency */,
			);
			name = RickAndMotryApiUITests;
			productName = RickAndMotryApiUITests;
			productReference = FAF2C1C42C7CAC7E00C51E30 /* RickAndMotryApiUITests.xctest */;
			productType = "com.apple.product-type.bundle.ui-testing";
		};
/* End PBXNativeTarget section */

/* Begin PBXProject section */
		FAF2C19C2C7CAC7C00C51E30 /* Project object */ = {
			isa = PBXProject;
			attributes = {
				BuildIndependentTargetsInParallel = 1;
				LastSwiftUpdateCheck = 1540;
				LastUpgradeCheck = 1540;
				TargetAttributes = {
					FAF2C1A32C7CAC7C00C51E30 = {
						CreatedOnToolsVersion = 15.4;
					};
					FAF2C1B92C7CAC7E00C51E30 = {
						CreatedOnToolsVersion = 15.4;
						TestTargetID = FAF2C1A32C7CAC7C00C51E30;
					};
					FAF2C1C32C7CAC7E00C51E30 = {
						CreatedOnToolsVersion = 15.4;
						TestTargetID = FAF2C1A32C7CAC7C00C51E30;
					};
				};
			};
			buildConfigurationList = FAF2C19F2C7CAC7C00C51E30 /* Build configuration list for PBXProject "RickAndMotryApi" */;
			compatibilityVersion = "Xcode 14.0";
			developmentRegion = en;
			hasScannedForEncodings = 0;
			knownRegions = (
				en,
				Base,
			);
			mainGroup = FAF2C19B2C7CAC7C00C51E30;
			packageReferences = (
				FAF2C1F32C7CC23900C51E30 /* XCRemoteSwiftPackageReference "Kingfisher" */,
			);
			productRefGroup = FAF2C1A52C7CAC7C00C51E30 /* Products */;
			projectDirPath = "";
			projectRoot = "";
			targets = (
				FAF2C1A32C7CAC7C00C51E30 /* RickAndMotryApi */,
				FAF2C1B92C7CAC7E00C51E30 /* RickAndMotryApiTests */,
				FAF2C1C32C7CAC7E00C51E30 /* RickAndMotryApiUITests */,
			);
		};
/* End PBXProject section */

/* Begin PBXResourcesBuildPhase section */
		FAF2C1A22C7CAC7C00C51E30 /* Resources */ = {
			isa = PBXResourcesBuildPhase;
			buildActionMask = 2147483647;
			files = (
				FAF2C1B12C7CAC7E00C51E30 /* Assets.xcassets in Resources */,
			);
			runOnlyForDeploymentPostprocessing = 0;
		};
		FAF2C1B82C7CAC7E00C51E30 /* Resources */ = {
			isa = PBXResourcesBuildPhase;
			buildActionMask = 2147483647;
			files = (
			);
			runOnlyForDeploymentPostprocessing = 0;
		};
		FAF2C1C22C7CAC7E00C51E30 /* Resources */ = {
			isa = PBXResourcesBuildPhase;
			buildActionMask = 2147483647;
			files = (
			);
			runOnlyForDeploymentPostprocessing = 0;
		};
/* End PBXResourcesBuildPhase section */

/* Begin PBXSourcesBuildPhase section */
		FAF2C1A02C7CAC7C00C51E30 /* Sources */ = {
			isa = PBXSourcesBuildPhase;
			buildActionMask = 2147483647;
			files = (
				FAF2C1A82C7CAC7C00C51E30 /* AppDelegate.swift in Sources */,
				FAF2C1E72C7CB70300C51E30 /* CharacterViewController.swift in Sources */,
				FAF2C1FB2C7CE2BF00C51E30 /* UIViewController+Ext.swift in Sources */,
				FAF2C2092C7D03B100C51E30 /* Utilities.swift in Sources */,
				FAF2C1DF2C7CB24E00C51E30 /* Character.swift in Sources */,
				FAF2C1FE2C7CFA8700C51E30 /* NetworkManager.swift in Sources */,
				FAF2C1DB2C7CB15200C51E30 /* NetworkService.swift in Sources */,
				FAF2C1E52C7CB32B00C51E30 /* CharacterViewModel.swift in Sources */,
				FAF2C1AA2C7CAC7C00C51E30 /* SceneDelegate.swift in Sources */,
				FAF2C2062C7D014D00C51E30 /* Presenter.swift in Sources */,
				FAF2C1EA2C7CB75D00C51E30 /* CharacterTableViewCell.swift in Sources */,
				FAF2C2042C7D007800C51E30 /* CustomPopup.swift in Sources */,
				FAF2C1EE2C7CB95B00C51E30 /* CharacterDetailView.swift in Sources */,
				FAF2C1F82C7CE27E00C51E30 /* LoadingView.swift in Sources */,
				FAF2C2012C7CFE2300C51E30 /* Constants.swift in Sources */,
			);
			runOnlyForDeploymentPostprocessing = 0;
		};
		FAF2C1B62C7CAC7E00C51E30 /* Sources */ = {
			isa = PBXSourcesBuildPhase;
			buildActionMask = 2147483647;
			files = (
				FAF2C1BF2C7CAC7E00C51E30 /* RickAndMotryApiTests.swift in Sources */,
			);
			runOnlyForDeploymentPostprocessing = 0;
		};
		FAF2C1C02C7CAC7E00C51E30 /* Sources */ = {
			isa = PBXSourcesBuildPhase;
			buildActionMask = 2147483647;
			files = (
				FAF2C1CB2C7CAC7E00C51E30 /* RickAndMotryApiUITestsLaunchTests.swift in Sources */,
				FAF2C1C92C7CAC7E00C51E30 /* RickAndMotryApiUITests.swift in Sources */,
			);
			runOnlyForDeploymentPostprocessing = 0;
		};
/* End PBXSourcesBuildPhase section */

/* Begin PBXTargetDependency section */
		FAF2C1BC2C7CAC7E00C51E30 /* PBXTargetDependency */ = {
			isa = PBXTargetDependency;
			target = FAF2C1A32C7CAC7C00C51E30 /* RickAndMotryApi */;
			targetProxy = FAF2C1BB2C7CAC7E00C51E30 /* PBXContainerItemProxy */;
		};
		FAF2C1C62C7CAC7E00C51E30 /* PBXTargetDependency */ = {
			isa = PBXTargetDependency;
			target = FAF2C1A32C7CAC7C00C51E30 /* RickAndMotryApi */;
			targetProxy = FAF2C1C52C7CAC7E00C51E30 /* PBXContainerItemProxy */;
		};
/* End PBXTargetDependency section */

/* Begin PBXVariantGroup section */
		FAF2C1B22C7CAC7E00C51E30 /* LaunchScreen.storyboard */ = {
			isa = PBXVariantGroup;
			children = (
				FAF2C1B32C7CAC7E00C51E30 /* Base */,
			);
			name = LaunchScreen.storyboard;
			sourceTree = "<group>";
		};
/* End PBXVariantGroup section */

/* Begin XCBuildConfiguration section */
		FAF2C1CC2C7CAC7E00C51E30 /* Debug */ = {
			isa = XCBuildConfiguration;
			buildSettings = {
				ALWAYS_SEARCH_USER_PATHS = NO;
				ASSETCATALOG_COMPILER_GENERATE_SWIFT_ASSET_SYMBOL_EXTENSIONS = YES;
				CLANG_ANALYZER_NONNULL = YES;
				CLANG_ANALYZER_NUMBER_OBJECT_CONVERSION = YES_AGGRESSIVE;
				CLANG_CXX_LANGUAGE_STANDARD = "gnu++20";
				CLANG_ENABLE_MODULES = YES;
				CLANG_ENABLE_OBJC_ARC = YES;
				CLANG_ENABLE_OBJC_WEAK = YES;
				CLANG_WARN_BLOCK_CAPTURE_AUTORELEASING = YES;
				CLANG_WARN_BOOL_CONVERSION = YES;
				CLANG_WARN_COMMA = YES;
				CLANG_WARN_CONSTANT_CONVERSION = YES;
				CLANG_WARN_DEPRECATED_OBJC_IMPLEMENTATIONS = YES;
				CLANG_WARN_DIRECT_OBJC_ISA_USAGE = YES_ERROR;
				CLANG_WARN_DOCUMENTATION_COMMENTS = YES;
				CLANG_WARN_EMPTY_BODY = YES;
				CLANG_WARN_ENUM_CONVERSION = YES;
				CLANG_WARN_INFINITE_RECURSION = YES;
				CLANG_WARN_INT_CONVERSION = YES;
				CLANG_WARN_NON_LITERAL_NULL_CONVERSION = YES;
				CLANG_WARN_OBJC_IMPLICIT_RETAIN_SELF = YES;
				CLANG_WARN_OBJC_LITERAL_CONVERSION = YES;
				CLANG_WARN_OBJC_ROOT_CLASS = YES_ERROR;
				CLANG_WARN_QUOTED_INCLUDE_IN_FRAMEWORK_HEADER = YES;
				CLANG_WARN_RANGE_LOOP_ANALYSIS = YES;
				CLANG_WARN_STRICT_PROTOTYPES = YES;
				CLANG_WARN_SUSPICIOUS_MOVE = YES;
				CLANG_WARN_UNGUARDED_AVAILABILITY = YES_AGGRESSIVE;
				CLANG_WARN_UNREACHABLE_CODE = YES;
				CLANG_WARN__DUPLICATE_METHOD_MATCH = YES;
				COPY_PHASE_STRIP = NO;
				DEBUG_INFORMATION_FORMAT = dwarf;
				ENABLE_STRICT_OBJC_MSGSEND = YES;
				ENABLE_TESTABILITY = YES;
				ENABLE_USER_SCRIPT_SANDBOXING = YES;
				GCC_C_LANGUAGE_STANDARD = gnu17;
				GCC_DYNAMIC_NO_PIC = NO;
				GCC_NO_COMMON_BLOCKS = YES;
				GCC_OPTIMIZATION_LEVEL = 0;
				GCC_PREPROCESSOR_DEFINITIONS = (
					"DEBUG=1",
					"$(inherited)",
				);
				GCC_WARN_64_TO_32_BIT_CONVERSION = YES;
				GCC_WARN_ABOUT_RETURN_TYPE = YES_ERROR;
				GCC_WARN_UNDECLARED_SELECTOR = YES;
				GCC_WARN_UNINITIALIZED_AUTOS = YES_AGGRESSIVE;
				GCC_WARN_UNUSED_FUNCTION = YES;
				GCC_WARN_UNUSED_VARIABLE = YES;
				IPHONEOS_DEPLOYMENT_TARGET = 16.5;
				LOCALIZATION_PREFERS_STRING_CATALOGS = YES;
				MTL_ENABLE_DEBUG_INFO = INCLUDE_SOURCE;
				MTL_FAST_MATH = YES;
				ONLY_ACTIVE_ARCH = YES;
				SDKROOT = iphoneos;
				SWIFT_ACTIVE_COMPILATION_CONDITIONS = "DEBUG $(inherited)";
				SWIFT_OPTIMIZATION_LEVEL = "-Onone";
			};
			name = Debug;
		};
		FAF2C1CD2C7CAC7E00C51E30 /* Release */ = {
			isa = XCBuildConfiguration;
			buildSettings = {
				ALWAYS_SEARCH_USER_PATHS = NO;
				ASSETCATALOG_COMPILER_GENERATE_SWIFT_ASSET_SYMBOL_EXTENSIONS = YES;
				CLANG_ANALYZER_NONNULL = YES;
				CLANG_ANALYZER_NUMBER_OBJECT_CONVERSION = YES_AGGRESSIVE;
				CLANG_CXX_LANGUAGE_STANDARD = "gnu++20";
				CLANG_ENABLE_MODULES = YES;
				CLANG_ENABLE_OBJC_ARC = YES;
				CLANG_ENABLE_OBJC_WEAK = YES;
				CLANG_WARN_BLOCK_CAPTURE_AUTORELEASING = YES;
				CLANG_WARN_BOOL_CONVERSION = YES;
				CLANG_WARN_COMMA = YES;
				CLANG_WARN_CONSTANT_CONVERSION = YES;
				CLANG_WARN_DEPRECATED_OBJC_IMPLEMENTATIONS = YES;
				CLANG_WARN_DIRECT_OBJC_ISA_USAGE = YES_ERROR;
				CLANG_WARN_DOCUMENTATION_COMMENTS = YES;
				CLANG_WARN_EMPTY_BODY = YES;
				CLANG_WARN_ENUM_CONVERSION = YES;
				CLANG_WARN_INFINITE_RECURSION = YES;
				CLANG_WARN_INT_CONVERSION = YES;
				CLANG_WARN_NON_LITERAL_NULL_CONVERSION = YES;
				CLANG_WARN_OBJC_IMPLICIT_RETAIN_SELF = YES;
				CLANG_WARN_OBJC_LITERAL_CONVERSION = YES;
				CLANG_WARN_OBJC_ROOT_CLASS = YES_ERROR;
				CLANG_WARN_QUOTED_INCLUDE_IN_FRAMEWORK_HEADER = YES;
				CLANG_WARN_RANGE_LOOP_ANALYSIS = YES;
				CLANG_WARN_STRICT_PROTOTYPES = YES;
				CLANG_WARN_SUSPICIOUS_MOVE = YES;
				CLANG_WARN_UNGUARDED_AVAILABILITY = YES_AGGRESSIVE;
				CLANG_WARN_UNREACHABLE_CODE = YES;
				CLANG_WARN__DUPLICATE_METHOD_MATCH = YES;
				COPY_PHASE_STRIP = NO;
				DEBUG_INFORMATION_FORMAT = "dwarf-with-dsym";
				ENABLE_NS_ASSERTIONS = NO;
				ENABLE_STRICT_OBJC_MSGSEND = YES;
				ENABLE_USER_SCRIPT_SANDBOXING = YES;
				GCC_C_LANGUAGE_STANDARD = gnu17;
				GCC_NO_COMMON_BLOCKS = YES;
				GCC_WARN_64_TO_32_BIT_CONVERSION = YES;
				GCC_WARN_ABOUT_RETURN_TYPE = YES_ERROR;
				GCC_WARN_UNDECLARED_SELECTOR = YES;
				GCC_WARN_UNINITIALIZED_AUTOS = YES_AGGRESSIVE;
				GCC_WARN_UNUSED_FUNCTION = YES;
				GCC_WARN_UNUSED_VARIABLE = YES;
				IPHONEOS_DEPLOYMENT_TARGET = 16.5;
				LOCALIZATION_PREFERS_STRING_CATALOGS = YES;
				MTL_ENABLE_DEBUG_INFO = NO;
				MTL_FAST_MATH = YES;
				SDKROOT = iphoneos;
				SWIFT_COMPILATION_MODE = wholemodule;
				VALIDATE_PRODUCT = YES;
			};
			name = Release;
		};
		FAF2C1CF2C7CAC7E00C51E30 /* Debug */ = {
			isa = XCBuildConfiguration;
			buildSettings = {
				ASSETCATALOG_COMPILER_APPICON_NAME = AppIcon;
				ASSETCATALOG_COMPILER_GLOBAL_ACCENT_COLOR_NAME = AccentColor;
				CODE_SIGN_STYLE = Automatic;
				CURRENT_PROJECT_VERSION = 1;
				DEVELOPMENT_TEAM = CY5Z68UX8Q;
				GENERATE_INFOPLIST_FILE = YES;
				INFOPLIST_FILE = RickAndMotryApi/Info.plist;
				INFOPLIST_KEY_UIApplicationSupportsIndirectInputEvents = YES;
				INFOPLIST_KEY_UILaunchStoryboardName = LaunchScreen;
				INFOPLIST_KEY_UISupportedInterfaceOrientations_iPad = "UIInterfaceOrientationPortrait UIInterfaceOrientationPortraitUpsideDown UIInterfaceOrientationLandscapeLeft UIInterfaceOrientationLandscapeRight";
				INFOPLIST_KEY_UISupportedInterfaceOrientations_iPhone = "UIInterfaceOrientationPortrait UIInterfaceOrientationLandscapeLeft UIInterfaceOrientationLandscapeRight";
				IPHONEOS_DEPLOYMENT_TARGET = 16.6;
				LD_RUNPATH_SEARCH_PATHS = (
					"$(inherited)",
					"@executable_path/Frameworks",
				);
				MARKETING_VERSION = 1.0;
				PRODUCT_BUNDLE_IDENTIFIER = com.devsart.RickAndMotryApi;
				PRODUCT_NAME = "$(TARGET_NAME)";
				SWIFT_EMIT_LOC_STRINGS = YES;
				SWIFT_VERSION = 5.0;
				TARGETED_DEVICE_FAMILY = "1,2";
			};
			name = Debug;
		};
		FAF2C1D02C7CAC7E00C51E30 /* Release */ = {
			isa = XCBuildConfiguration;
			buildSettings = {
				ASSETCATALOG_COMPILER_APPICON_NAME = AppIcon;
				ASSETCATALOG_COMPILER_GLOBAL_ACCENT_COLOR_NAME = AccentColor;
				CODE_SIGN_STYLE = Automatic;
				CURRENT_PROJECT_VERSION = 1;
				DEVELOPMENT_TEAM = CY5Z68UX8Q;
				GENERATE_INFOPLIST_FILE = YES;
				INFOPLIST_FILE = RickAndMotryApi/Info.plist;
				INFOPLIST_KEY_UIApplicationSupportsIndirectInputEvents = YES;
				INFOPLIST_KEY_UILaunchStoryboardName = LaunchScreen;
				INFOPLIST_KEY_UISupportedInterfaceOrientations_iPad = "UIInterfaceOrientationPortrait UIInterfaceOrientationPortraitUpsideDown UIInterfaceOrientationLandscapeLeft UIInterfaceOrientationLandscapeRight";
				INFOPLIST_KEY_UISupportedInterfaceOrientations_iPhone = "UIInterfaceOrientationPortrait UIInterfaceOrientationLandscapeLeft UIInterfaceOrientationLandscapeRight";
				IPHONEOS_DEPLOYMENT_TARGET = 16.6;
				LD_RUNPATH_SEARCH_PATHS = (
					"$(inherited)",
					"@executable_path/Frameworks",
				);
				MARKETING_VERSION = 1.0;
				PRODUCT_BUNDLE_IDENTIFIER = com.devsart.RickAndMotryApi;
				PRODUCT_NAME = "$(TARGET_NAME)";
				SWIFT_EMIT_LOC_STRINGS = YES;
				SWIFT_VERSION = 5.0;
				TARGETED_DEVICE_FAMILY = "1,2";
			};
			name = Release;
		};
		FAF2C1D22C7CAC7E00C51E30 /* Debug */ = {
			isa = XCBuildConfiguration;
			buildSettings = {
				ALWAYS_EMBED_SWIFT_STANDARD_LIBRARIES = YES;
				BUNDLE_LOADER = "$(TEST_HOST)";
				CODE_SIGN_STYLE = Automatic;
				CURRENT_PROJECT_VERSION = 1;
				GENERATE_INFOPLIST_FILE = YES;
				IPHONEOS_DEPLOYMENT_TARGET = 17.5;
				MARKETING_VERSION = 1.0;
				PRODUCT_BUNDLE_IDENTIFIER = com.devsart.RickAndMotryApiTests;
				PRODUCT_NAME = "$(TARGET_NAME)";
				SWIFT_EMIT_LOC_STRINGS = NO;
				SWIFT_VERSION = 5.0;
				TARGETED_DEVICE_FAMILY = "1,2";
				TEST_HOST = "$(BUILT_PRODUCTS_DIR)/RickAndMotryApi.app/$(BUNDLE_EXECUTABLE_FOLDER_PATH)/RickAndMotryApi";
			};
			name = Debug;
		};
		FAF2C1D32C7CAC7E00C51E30 /* Release */ = {
			isa = XCBuildConfiguration;
			buildSettings = {
				ALWAYS_EMBED_SWIFT_STANDARD_LIBRARIES = YES;
				BUNDLE_LOADER = "$(TEST_HOST)";
				CODE_SIGN_STYLE = Automatic;
				CURRENT_PROJECT_VERSION = 1;
				GENERATE_INFOPLIST_FILE = YES;
				IPHONEOS_DEPLOYMENT_TARGET = 17.5;
				MARKETING_VERSION = 1.0;
				PRODUCT_BUNDLE_IDENTIFIER = com.devsart.RickAndMotryApiTests;
				PRODUCT_NAME = "$(TARGET_NAME)";
				SWIFT_EMIT_LOC_STRINGS = NO;
				SWIFT_VERSION = 5.0;
				TARGETED_DEVICE_FAMILY = "1,2";
				TEST_HOST = "$(BUILT_PRODUCTS_DIR)/RickAndMotryApi.app/$(BUNDLE_EXECUTABLE_FOLDER_PATH)/RickAndMotryApi";
			};
			name = Release;
		};
		FAF2C1D52C7CAC7E00C51E30 /* Debug */ = {
			isa = XCBuildConfiguration;
			buildSettings = {
				ALWAYS_EMBED_SWIFT_STANDARD_LIBRARIES = YES;
				CODE_SIGN_STYLE = Automatic;
				CURRENT_PROJECT_VERSION = 1;
				GENERATE_INFOPLIST_FILE = YES;
				MARKETING_VERSION = 1.0;
				PRODUCT_BUNDLE_IDENTIFIER = com.devsart.RickAndMotryApiUITests;
				PRODUCT_NAME = "$(TARGET_NAME)";
				SWIFT_EMIT_LOC_STRINGS = NO;
				SWIFT_VERSION = 5.0;
				TARGETED_DEVICE_FAMILY = "1,2";
				TEST_TARGET_NAME = RickAndMotryApi;
			};
			name = Debug;
		};
		FAF2C1D62C7CAC7E00C51E30 /* Release */ = {
			isa = XCBuildConfiguration;
			buildSettings = {
				ALWAYS_EMBED_SWIFT_STANDARD_LIBRARIES = YES;
				CODE_SIGN_STYLE = Automatic;
				CURRENT_PROJECT_VERSION = 1;
				GENERATE_INFOPLIST_FILE = YES;
				MARKETING_VERSION = 1.0;
				PRODUCT_BUNDLE_IDENTIFIER = com.devsart.RickAndMotryApiUITests;
				PRODUCT_NAME = "$(TARGET_NAME)";
				SWIFT_EMIT_LOC_STRINGS = NO;
				SWIFT_VERSION = 5.0;
				TARGETED_DEVICE_FAMILY = "1,2";
				TEST_TARGET_NAME = RickAndMotryApi;
			};
			name = Release;
		};
/* End XCBuildConfiguration section */

/* Begin XCConfigurationList section */
		FAF2C19F2C7CAC7C00C51E30 /* Build configuration list for PBXProject "RickAndMotryApi" */ = {
			isa = XCConfigurationList;
			buildConfigurations = (
				FAF2C1CC2C7CAC7E00C51E30 /* Debug */,
				FAF2C1CD2C7CAC7E00C51E30 /* Release */,
			);
			defaultConfigurationIsVisible = 0;
			defaultConfigurationName = Release;
		};
		FAF2C1CE2C7CAC7E00C51E30 /* Build configuration list for PBXNativeTarget "RickAndMotryApi" */ = {
			isa = XCConfigurationList;
			buildConfigurations = (
				FAF2C1CF2C7CAC7E00C51E30 /* Debug */,
				FAF2C1D02C7CAC7E00C51E30 /* Release */,
			);
			defaultConfigurationIsVisible = 0;
			defaultConfigurationName = Release;
		};
		FAF2C1D12C7CAC7E00C51E30 /* Build configuration list for PBXNativeTarget "RickAndMotryApiTests" */ = {
			isa = XCConfigurationList;
			buildConfigurations = (
				FAF2C1D22C7CAC7E00C51E30 /* Debug */,
				FAF2C1D32C7CAC7E00C51E30 /* Release */,
			);
			defaultConfigurationIsVisible = 0;
			defaultConfigurationName = Release;
		};
		FAF2C1D42C7CAC7E00C51E30 /* Build configuration list for PBXNativeTarget "RickAndMotryApiUITests" */ = {
			isa = XCConfigurationList;
			buildConfigurations = (
				FAF2C1D52C7CAC7E00C51E30 /* Debug */,
				FAF2C1D62C7CAC7E00C51E30 /* Release */,
			);
			defaultConfigurationIsVisible = 0;
			defaultConfigurationName = Release;
		};
/* End XCConfigurationList section */

/* Begin XCRemoteSwiftPackageReference section */
		FAF2C1F32C7CC23900C51E30 /* XCRemoteSwiftPackageReference "Kingfisher" */ = {
			isa = XCRemoteSwiftPackageReference;
			repositoryURL = "https://github.com/onevcat/Kingfisher.git";
			requirement = {
				kind = upToNextMajorVersion;
				minimumVersion = 7.12.0;
			};
		};
/* End XCRemoteSwiftPackageReference section */

/* Begin XCSwiftPackageProductDependency section */
		FAF2C1F42C7CC2F300C51E30 /* Kingfisher */ = {
			isa = XCSwiftPackageProductDependency;
			package = FAF2C1F32C7CC23900C51E30 /* XCRemoteSwiftPackageReference "Kingfisher" */;
			productName = Kingfisher;
		};
/* End XCSwiftPackageProductDependency section */
	};
	rootObject = FAF2C19C2C7CAC7C00C51E30 /* Project object */;
}
